
Microsoft Visual Studio Solution File, Format Version 12.00
# Visual Studio Version 17
VisualStudioVersion = 17.1.32328.378
MinimumVisualStudioVersion = 10.0.40219.1
Project("{FAE04EC0-301F-11D3-BF4B-00C04F79EFBC}") = "testApplication", "testApplication\testApplication.csproj", "{20A7AE4C-26C3-42D0-83B2-4E9D2803C8DD}"
EndProject
Global
	GlobalSection(SolutionConfigurationPlatforms) = preSolution
		Debug|Any CPU = Debug|Any CPU
		Release|Any CPU = Release|Any CPU
	EndGlobalSection
	GlobalSection(ProjectConfigurationPlatforms) = postSolution
		{20A7AE4C-26C3-42D0-83B2-4E9D2803C8DD}.Debug|Any CPU.ActiveCfg = Debug|Any CPU
		{20A7AE4C-26C3-42D0-83B2-4E9D2803C8DD}.Debug|Any CPU.Build.0 = Debug|Any CPU
		{20A7AE4C-26C3-42D0-83B2-4E9D2803C8DD}.Release|Any CPU.ActiveCfg = Release|Any CPU
		{20A7AE4C-26C3-42D0-83B2-4E9D2803C8DD}.Release|Any CPU.Build.0 = Release|Any CPU
	EndGlobalSection
	GlobalSection(SolutionProperties) = preSolution
		HideSolutionNode = FALSE
	EndGlobalSection
	GlobalSection(ExtensibilityGlobals) = postSolution
		SolutionGuid = {33741892-F571-4F1F-B3F3-EFF5124B37A6}
	EndGlobalSection
EndGlobal
